
Microsoft Visual Studio Solution File, Format Version 12.00
# Visual Studio 15
VisualStudioVersion = 15.0.27703.2035
MinimumVisualStudioVersion = 10.0.40219.1
Project("{FAE04EC0-301F-11D3-BF4B-00C04F79EFBC}") = "CalendarTheme.Android", "CalendarTheme\CalendarTheme.Android\CalendarTheme.Android.csproj", "{6872DF1E-99B4-462F-83E0-6F3D8E9B8A4A}"
EndProject
Project("{FAE04EC0-301F-11D3-BF4B-00C04F79EFBC}") = "CalendarTheme.iOS", "CalendarTheme\CalendarTheme.iOS\CalendarTheme.iOS.csproj", "{7274F14B-884F-49E4-8763-CA195FCE789D}"
EndProject
Project("{FAE04EC0-301F-11D3-BF4B-00C04F79EFBC}") = "CalendarTheme.UWP", "CalendarTheme\CalendarTheme.UWP\CalendarTheme.UWP.csproj", "{6B49E599-C7CD-4A02-A8DE-56DC2EE2DE58}"
EndProject
Project("{FAE04EC0-301F-11D3-BF4B-00C04F79EFBC}") = "CalendarTheme", "CalendarTheme\CalendarTheme\CalendarTheme.csproj", "{3FBCB20F-187D-4004-A2D0-9553ECC08E51}"
EndProject
Global
	GlobalSection(SolutionConfigurationPlatforms) = preSolution
		Ad-Hoc|Any CPU = Ad-Hoc|Any CPU
		Ad-Hoc|ARM = Ad-Hoc|ARM
		Ad-Hoc|iPhone = Ad-Hoc|iPhone
		Ad-Hoc|iPhoneSimulator = Ad-Hoc|iPhoneSimulator
		Ad-Hoc|x64 = Ad-Hoc|x64
		Ad-Hoc|x86 = Ad-Hoc|x86
		AppStore|Any CPU = AppStore|Any CPU
		AppStore|ARM = AppStore|ARM
		AppStore|iPhone = AppStore|iPhone
		AppStore|iPhoneSimulator = AppStore|iPhoneSimulator
		AppStore|x64 = AppStore|x64
		AppStore|x86 = AppStore|x86
		Debug|Any CPU = Debug|Any CPU
		Debug|ARM = Debug|ARM
		Debug|iPhone = Debug|iPhone
		Debug|iPhoneSimulator = Debug|iPhoneSimulator
		Debug|x64 = Debug|x64
		Debug|x86 = Debug|x86
		Release|Any CPU = Release|Any CPU
		Release|ARM = Release|ARM
		Release|iPhone = Release|iPhone
		Release|iPhoneSimulator = Release|iPhoneSimulator
		Release|x64 = Release|x64
		Release|x86 = Release|x86
	EndGlobalSection
	GlobalSection(ProjectConfigurationPlatforms) = postSolution
		{6872DF1E-99B4-462F-83E0-6F3D8E9B8A4A}.Ad-Hoc|Any CPU.ActiveCfg = Release|Any CPU
		{6872DF1E-99B4-462F-83E0-6F3D8E9B8A4A}.Ad-Hoc|Any CPU.Build.0 = Release|Any CPU
		{6872DF1E-99B4-462F-83E0-6F3D8E9B8A4A}.Ad-Hoc|Any CPU.Deploy.0 = Release|Any CPU
		{6872DF1E-99B4-462F-83E0-6F3D8E9B8A4A}.Ad-Hoc|ARM.ActiveCfg = Release|Any CPU
		{6872DF1E-99B4-462F-83E0-6F3D8E9B8A4A}.Ad-Hoc|ARM.Build.0 = Release|Any CPU
		{6872DF1E-99B4-462F-83E0-6F3D8E9B8A4A}.Ad-Hoc|ARM.Deploy.0 = Release|Any CPU
		{6872DF1E-99B4-462F-83E0-6F3D8E9B8A4A}.Ad-Hoc|iPhone.ActiveCfg = Release|Any CPU
		{6872DF1E-99B4-462F-83E0-6F3D8E9B8A4A}.Ad-Hoc|iPhone.Build.0 = Release|Any CPU
		{6872DF1E-99B4-462F-83E0-6F3D8E9B8A4A}.Ad-Hoc|iPhone.Deploy.0 = Release|Any CPU
		{6872DF1E-99B4-462F-83E0-6F3D8E9B8A4A}.Ad-Hoc|iPhoneSimulator.ActiveCfg = Release|Any CPU
		{6872DF1E-99B4-462F-83E0-6F3D8E9B8A4A}.Ad-Hoc|iPhoneSimulator.Build.0 = Release|Any CPU
		{6872DF1E-99B4-462F-83E0-6F3D8E9B8A4A}.Ad-Hoc|iPhoneSimulator.Deploy.0 = Release|Any CPU
		{6872DF1E-99B4-462F-83E0-6F3D8E9B8A4A}.Ad-Hoc|x64.ActiveCfg = Release|Any CPU
		{6872DF1E-99B4-462F-83E0-6F3D8E9B8A4A}.Ad-Hoc|x64.Build.0 = Release|Any CPU
		{6872DF1E-99B4-462F-83E0-6F3D8E9B8A4A}.Ad-Hoc|x64.Deploy.0 = Release|Any CPU
		{6872DF1E-99B4-462F-83E0-6F3D8E9B8A4A}.Ad-Hoc|x86.ActiveCfg = Release|Any CPU
		{6872DF1E-99B4-462F-83E0-6F3D8E9B8A4A}.Ad-Hoc|x86.Build.0 = Release|Any CPU
		{6872DF1E-99B4-462F-83E0-6F3D8E9B8A4A}.Ad-Hoc|x86.Deploy.0 = Release|Any CPU
		{6872DF1E-99B4-462F-83E0-6F3D8E9B8A4A}.AppStore|Any CPU.ActiveCfg = Release|Any CPU
		{6872DF1E-99B4-462F-83E0-6F3D8E9B8A4A}.AppStore|Any CPU.Build.0 = Release|Any CPU
		{6872DF1E-99B4-462F-83E0-6F3D8E9B8A4A}.AppStore|Any CPU.Deploy.0 = Release|Any CPU
		{6872DF1E-99B4-462F-83E0-6F3D8E9B8A4A}.AppStore|ARM.ActiveCfg = Release|Any CPU
		{6872DF1E-99B4-462F-83E0-6F3D8E9B8A4A}.AppStore|ARM.Build.0 = Release|Any CPU
		{6872DF1E-99B4-462F-83E0-6F3D8E9B8A4A}.AppStore|ARM.Deploy.0 = Release|Any CPU
		{6872DF1E-99B4-462F-83E0-6F3D8E9B8A4A}.AppStore|iPhone.ActiveCfg = Release|Any CPU
		{6872DF1E-99B4-462F-83E0-6F3D8E9B8A4A}.AppStore|iPhone.Build.0 = Release|Any CPU
		{6872DF1E-99B4-462F-83E0-6F3D8E9B8A4A}.AppStore|iPhone.Deploy.0 = Release|Any CPU
		{6872DF1E-99B4-462F-83E0-6F3D8E9B8A4A}.AppStore|iPhoneSimulator.ActiveCfg = Release|Any CPU
		{6872DF1E-99B4-462F-83E0-6F3D8E9B8A4A}.AppStore|iPhoneSimulator.Build.0 = Release|Any CPU
		{6872DF1E-99B4-462F-83E0-6F3D8E9B8A4A}.AppStore|iPhoneSimulator.Deploy.0 = Release|Any CPU
		{6872DF1E-99B4-462F-83E0-6F3D8E9B8A4A}.AppStore|x64.ActiveCfg = Release|Any CPU
		{6872DF1E-99B4-462F-83E0-6F3D8E9B8A4A}.AppStore|x64.Build.0 = Release|Any CPU
		{6872DF1E-99B4-462F-83E0-6F3D8E9B8A4A}.AppStore|x64.Deploy.0 = Release|Any CPU
		{6872DF1E-99B4-462F-83E0-6F3D8E9B8A4A}.AppStore|x86.ActiveCfg = Release|Any CPU
		{6872DF1E-99B4-462F-83E0-6F3D8E9B8A4A}.AppStore|x86.Build.0 = Release|Any CPU
		{6872DF1E-99B4-462F-83E0-6F3D8E9B8A4A}.AppStore|x86.Deploy.0 = Release|Any CPU
		{6872DF1E-99B4-462F-83E0-6F3D8E9B8A4A}.Debug|Any CPU.ActiveCfg = Debug|Any CPU
		{6872DF1E-99B4-462F-83E0-6F3D8E9B8A4A}.Debug|Any CPU.Build.0 = Debug|Any CPU
		{6872DF1E-99B4-462F-83E0-6F3D8E9B8A4A}.Debug|Any CPU.Deploy.0 = Debug|Any CPU
		{6872DF1E-99B4-462F-83E0-6F3D8E9B8A4A}.Debug|ARM.ActiveCfg = Debug|Any CPU
		{6872DF1E-99B4-462F-83E0-6F3D8E9B8A4A}.Debug|ARM.Build.0 = Debug|Any CPU
		{6872DF1E-99B4-462F-83E0-6F3D8E9B8A4A}.Debug|ARM.Deploy.0 = Debug|Any CPU
		{6872DF1E-99B4-462F-83E0-6F3D8E9B8A4A}.Debug|iPhone.ActiveCfg = Debug|Any CPU
		{6872DF1E-99B4-462F-83E0-6F3D8E9B8A4A}.Debug|iPhone.Build.0 = Debug|Any CPU
		{6872DF1E-99B4-462F-83E0-6F3D8E9B8A4A}.Debug|iPhone.Deploy.0 = Debug|Any CPU
		{6872DF1E-99B4-462F-83E0-6F3D8E9B8A4A}.Debug|iPhoneSimulator.ActiveCfg = Debug|Any CPU
		{6872DF1E-99B4-462F-83E0-6F3D8E9B8A4A}.Debug|iPhoneSimulator.Build.0 = Debug|Any CPU
		{6872DF1E-99B4-462F-83E0-6F3D8E9B8A4A}.Debug|iPhoneSimulator.Deploy.0 = Debug|Any CPU
		{6872DF1E-99B4-462F-83E0-6F3D8E9B8A4A}.Debug|x64.ActiveCfg = Debug|Any CPU
		{6872DF1E-99B4-462F-83E0-6F3D8E9B8A4A}.Debug|x64.Build.0 = Debug|Any CPU
		{6872DF1E-99B4-462F-83E0-6F3D8E9B8A4A}.Debug|x64.Deploy.0 = Debug|Any CPU
		{6872DF1E-99B4-462F-83E0-6F3D8E9B8A4A}.Debug|x86.ActiveCfg = Debug|Any CPU
		{6872DF1E-99B4-462F-83E0-6F3D8E9B8A4A}.Debug|x86.Build.0 = Debug|Any CPU
		{6872DF1E-99B4-462F-83E0-6F3D8E9B8A4A}.Debug|x86.Deploy.0 = Debug|Any CPU
		{6872DF1E-99B4-462F-83E0-6F3D8E9B8A4A}.Release|Any CPU.ActiveCfg = Release|Any CPU
		{6872DF1E-99B4-462F-83E0-6F3D8E9B8A4A}.Release|Any CPU.Build.0 = Release|Any CPU
		{6872DF1E-99B4-462F-83E0-6F3D8E9B8A4A}.Release|Any CPU.Deploy.0 = Release|Any CPU
		{6872DF1E-99B4-462F-83E0-6F3D8E9B8A4A}.Release|ARM.ActiveCfg = Release|Any CPU
		{6872DF1E-99B4-462F-83E0-6F3D8E9B8A4A}.Release|ARM.Build.0 = Release|Any CPU
		{6872DF1E-99B4-462F-83E0-6F3D8E9B8A4A}.Release|ARM.Deploy.0 = Release|Any CPU
		{6872DF1E-99B4-462F-83E0-6F3D8E9B8A4A}.Release|iPhone.ActiveCfg = Release|Any CPU
		{6872DF1E-99B4-462F-83E0-6F3D8E9B8A4A}.Release|iPhone.Build.0 = Release|Any CPU
		{6872DF1E-99B4-462F-83E0-6F3D8E9B8A4A}.Release|iPhone.Deploy.0 = Release|Any CPU
		{6872DF1E-99B4-462F-83E0-6F3D8E9B8A4A}.Release|iPhoneSimulator.ActiveCfg = Release|Any CPU
		{6872DF1E-99B4-462F-83E0-6F3D8E9B8A4A}.Release|iPhoneSimulator.Build.0 = Release|Any CPU
		{6872DF1E-99B4-462F-83E0-6F3D8E9B8A4A}.Release|iPhoneSimulator.Deploy.0 = Release|Any CPU
		{6872DF1E-99B4-462F-83E0-6F3D8E9B8A4A}.Release|x64.ActiveCfg = Release|Any CPU
		{6872DF1E-99B4-462F-83E0-6F3D8E9B8A4A}.Release|x64.Build.0 = Release|Any CPU
		{6872DF1E-99B4-462F-83E0-6F3D8E9B8A4A}.Release|x64.Deploy.0 = Release|Any CPU
		{6872DF1E-99B4-462F-83E0-6F3D8E9B8A4A}.Release|x86.ActiveCfg = Release|Any CPU
		{6872DF1E-99B4-462F-83E0-6F3D8E9B8A4A}.Release|x86.Build.0 = Release|Any CPU
		{6872DF1E-99B4-462F-83E0-6F3D8E9B8A4A}.Release|x86.Deploy.0 = Release|Any CPU
		{7274F14B-884F-49E4-8763-CA195FCE789D}.Ad-Hoc|Any CPU.ActiveCfg = Ad-Hoc|iPhone
		{7274F14B-884F-49E4-8763-CA195FCE789D}.Ad-Hoc|Any CPU.Build.0 = Ad-Hoc|iPhone
		{7274F14B-884F-49E4-8763-CA195FCE789D}.Ad-Hoc|Any CPU.Deploy.0 = Ad-Hoc|iPhone
		{7274F14B-884F-49E4-8763-CA195FCE789D}.Ad-Hoc|ARM.ActiveCfg = Ad-Hoc|iPhone
		{7274F14B-884F-49E4-8763-CA195FCE789D}.Ad-Hoc|ARM.Build.0 = Ad-Hoc|iPhone
		{7274F14B-884F-49E4-8763-CA195FCE789D}.Ad-Hoc|ARM.Deploy.0 = Ad-Hoc|iPhone
		{7274F14B-884F-49E4-8763-CA195FCE789D}.Ad-Hoc|iPhone.ActiveCfg = Ad-Hoc|iPhone
		{7274F14B-884F-49E4-8763-CA195FCE789D}.Ad-Hoc|iPhone.Build.0 = Ad-Hoc|iPhone
		{7274F14B-884F-49E4-8763-CA195FCE789D}.Ad-Hoc|iPhone.Deploy.0 = Ad-Hoc|iPhone
		{7274F14B-884F-49E4-8763-CA195FCE789D}.Ad-Hoc|iPhoneSimulator.ActiveCfg = Ad-Hoc|iPhoneSimulator
		{7274F14B-884F-49E4-8763-CA195FCE789D}.Ad-Hoc|iPhoneSimulator.Build.0 = Ad-Hoc|iPhoneSimulator
		{7274F14B-884F-49E4-8763-CA195FCE789D}.Ad-Hoc|iPhoneSimulator.Deploy.0 = Ad-Hoc|iPhoneSimulator
		{7274F14B-884F-49E4-8763-CA195FCE789D}.Ad-Hoc|x64.ActiveCfg = Ad-Hoc|iPhone
		{7274F14B-884F-49E4-8763-CA195FCE789D}.Ad-Hoc|x64.Build.0 = Ad-Hoc|iPhone
		{7274F14B-884F-49E4-8763-CA195FCE789D}.Ad-Hoc|x64.Deploy.0 = Ad-Hoc|iPhone
		{7274F14B-884F-49E4-8763-CA195FCE789D}.Ad-Hoc|x86.ActiveCfg = Ad-Hoc|iPhone
		{7274F14B-884F-49E4-8763-CA195FCE789D}.Ad-Hoc|x86.Build.0 = Ad-Hoc|iPhone
		{7274F14B-884F-49E4-8763-CA195FCE789D}.Ad-Hoc|x86.Deploy.0 = Ad-Hoc|iPhone
		{7274F14B-884F-49E4-8763-CA195FCE789D}.AppStore|Any CPU.ActiveCfg = AppStore|iPhone
		{7274F14B-884F-49E4-8763-CA195FCE789D}.AppStore|Any CPU.Build.0 = AppStore|iPhone
		{7274F14B-884F-49E4-8763-CA195FCE789D}.AppStore|Any CPU.Deploy.0 = AppStore|iPhone
		{7274F14B-884F-49E4-8763-CA195FCE789D}.AppStore|ARM.ActiveCfg = AppStore|iPhone
		{7274F14B-884F-49E4-8763-CA195FCE789D}.AppStore|ARM.Build.0 = AppStore|iPhone
		{7274F14B-884F-49E4-8763-CA195FCE789D}.AppStore|ARM.Deploy.0 = AppStore|iPhone
		{7274F14B-884F-49E4-8763-CA195FCE789D}.AppStore|iPhone.ActiveCfg = AppStore|iPhone
		{7274F14B-884F-49E4-8763-CA195FCE789D}.AppStore|iPhone.Build.0 = AppStore|iPhone
		{7274F14B-884F-49E4-8763-CA195FCE789D}.AppStore|iPhone.Deploy.0 = AppStore|iPhone
		{7274F14B-884F-49E4-8763-CA195FCE789D}.AppStore|iPhoneSimulator.ActiveCfg = AppStore|iPhoneSimulator
		{7274F14B-884F-49E4-8763-CA195FCE789D}.AppStore|iPhoneSimulator.Build.0 = AppStore|iPhoneSimulator
		{7274F14B-884F-49E4-8763-CA195FCE789D}.AppStore|iPhoneSimulator.Deploy.0 = AppStore|iPhoneSimulator
		{7274F14B-884F-49E4-8763-CA195FCE789D}.AppStore|x64.ActiveCfg = AppStore|iPhone
		{7274F14B-884F-49E4-8763-CA195FCE789D}.AppStore|x64.Build.0 = AppStore|iPhone
		{7274F14B-884F-49E4-8763-CA195FCE789D}.AppStore|x64.Deploy.0 = AppStore|iPhone
		{7274F14B-884F-49E4-8763-CA195FCE789D}.AppStore|x86.ActiveCfg = AppStore|iPhone
		{7274F14B-884F-49E4-8763-CA195FCE789D}.AppStore|x86.Build.0 = AppStore|iPhone
		{7274F14B-884F-49E4-8763-CA195FCE789D}.AppStore|x86.Deploy.0 = AppStore|iPhone
		{7274F14B-884F-49E4-8763-CA195FCE789D}.Debug|Any CPU.ActiveCfg = Debug|iPhoneSimulator
		{7274F14B-884F-49E4-8763-CA195FCE789D}.Debug|Any CPU.Build.0 = Debug|iPhoneSimulator
		{7274F14B-884F-49E4-8763-CA195FCE789D}.Debug|Any CPU.Deploy.0 = Debug|iPhoneSimulator
		{7274F14B-884F-49E4-8763-CA195FCE789D}.Debug|ARM.ActiveCfg = Debug|iPhone
		{7274F14B-884F-49E4-8763-CA195FCE789D}.Debug|ARM.Build.0 = Debug|iPhone
		{7274F14B-884F-49E4-8763-CA195FCE789D}.Debug|ARM.Deploy.0 = Debug|iPhone
		{7274F14B-884F-49E4-8763-CA195FCE789D}.Debug|iPhone.ActiveCfg = Debug|iPhone
		{7274F14B-884F-49E4-8763-CA195FCE789D}.Debug|iPhone.Build.0 = Debug|iPhone
		{7274F14B-884F-49E4-8763-CA195FCE789D}.Debug|iPhone.Deploy.0 = Debug|iPhone
		{7274F14B-884F-49E4-8763-CA195FCE789D}.Debug|iPhoneSimulator.ActiveCfg = Debug|iPhoneSimulator
		{7274F14B-884F-49E4-8763-CA195FCE789D}.Debug|iPhoneSimulator.Build.0 = Debug|iPhoneSimulator
		{7274F14B-884F-49E4-8763-CA195FCE789D}.Debug|iPhoneSimulator.Deploy.0 = Debug|iPhoneSimulator
		{7274F14B-884F-49E4-8763-CA195FCE789D}.Debug|x64.ActiveCfg = Debug|iPhone
		{7274F14B-884F-49E4-8763-CA195FCE789D}.Debug|x64.Build.0 = Debug|iPhone
		{7274F14B-884F-49E4-8763-CA195FCE789D}.Debug|x64.Deploy.0 = Debug|iPhone
		{7274F14B-884F-49E4-8763-CA195FCE789D}.Debug|x86.ActiveCfg = Debug|iPhone
		{7274F14B-884F-49E4-8763-CA195FCE789D}.Debug|x86.Build.0 = Debug|iPhone
		{7274F14B-884F-49E4-8763-CA195FCE789D}.Debug|x86.Deploy.0 = Debug|iPhone
		{7274F14B-884F-49E4-8763-CA195FCE789D}.Release|Any CPU.ActiveCfg = Release|iPhone
		{7274F14B-884F-49E4-8763-CA195FCE789D}.Release|Any CPU.Build.0 = Release|iPhone
		{7274F14B-884F-49E4-8763-CA195FCE789D}.Release|Any CPU.Deploy.0 = Release|iPhone
		{7274F14B-884F-49E4-8763-CA195FCE789D}.Release|ARM.ActiveCfg = Release|iPhone
		{7274F14B-884F-49E4-8763-CA195FCE789D}.Release|ARM.Build.0 = Release|iPhone
		{7274F14B-884F-49E4-8763-CA195FCE789D}.Release|ARM.Deploy.0 = Release|iPhone
		{7274F14B-884F-49E4-8763-CA195FCE789D}.Release|iPhone.ActiveCfg = Release|iPhone
		{7274F14B-884F-49E4-8763-CA195FCE789D}.Release|iPhone.Build.0 = Release|iPhone
		{7274F14B-884F-49E4-8763-CA195FCE789D}.Release|iPhone.Deploy.0 = Release|iPhone
		{7274F14B-884F-49E4-8763-CA195FCE789D}.Release|iPhoneSimulator.ActiveCfg = Release|iPhoneSimulator
		{7274F14B-884F-49E4-8763-CA195FCE789D}.Release|iPhoneSimulator.Build.0 = Release|iPhoneSimulator
		{7274F14B-884F-49E4-8763-CA195FCE789D}.Release|iPhoneSimulator.Deploy.0 = Release|iPhoneSimulator
		{7274F14B-884F-49E4-8763-CA195FCE789D}.Release|x64.ActiveCfg = Release|iPhone
		{7274F14B-884F-49E4-8763-CA195FCE789D}.Release|x64.Build.0 = Release|iPhone
		{7274F14B-884F-49E4-8763-CA195FCE789D}.Release|x64.Deploy.0 = Release|iPhone
		{7274F14B-884F-49E4-8763-CA195FCE789D}.Release|x86.ActiveCfg = Release|iPhone
		{7274F14B-884F-49E4-8763-CA195FCE789D}.Release|x86.Build.0 = Release|iPhone
		{7274F14B-884F-49E4-8763-CA195FCE789D}.Release|x86.Deploy.0 = Release|iPhone
		{6B49E599-C7CD-4A02-A8DE-56DC2EE2DE58}.Ad-Hoc|Any CPU.ActiveCfg = Release|x86
		{6B49E599-C7CD-4A02-A8DE-56DC2EE2DE58}.Ad-Hoc|Any CPU.Build.0 = Release|x86
		{6B49E599-C7CD-4A02-A8DE-56DC2EE2DE58}.Ad-Hoc|Any CPU.Deploy.0 = Release|x86
		{6B49E599-C7CD-4A02-A8DE-56DC2EE2DE58}.Ad-Hoc|ARM.ActiveCfg = Release|ARM
		{6B49E599-C7CD-4A02-A8DE-56DC2EE2DE58}.Ad-Hoc|ARM.Build.0 = Release|ARM
		{6B49E599-C7CD-4A02-A8DE-56DC2EE2DE58}.Ad-Hoc|ARM.Deploy.0 = Release|ARM
		{6B49E599-C7CD-4A02-A8DE-56DC2EE2DE58}.Ad-Hoc|iPhone.ActiveCfg = Release|x86
		{6B49E599-C7CD-4A02-A8DE-56DC2EE2DE58}.Ad-Hoc|iPhone.Build.0 = Release|x86
		{6B49E599-C7CD-4A02-A8DE-56DC2EE2DE58}.Ad-Hoc|iPhone.Deploy.0 = Release|x86
		{6B49E599-C7CD-4A02-A8DE-56DC2EE2DE58}.Ad-Hoc|iPhoneSimulator.ActiveCfg = Release|x86
		{6B49E599-C7CD-4A02-A8DE-56DC2EE2DE58}.Ad-Hoc|iPhoneSimulator.Build.0 = Release|x86
		{6B49E599-C7CD-4A02-A8DE-56DC2EE2DE58}.Ad-Hoc|iPhoneSimulator.Deploy.0 = Release|x86
		{6B49E599-C7CD-4A02-A8DE-56DC2EE2DE58}.Ad-Hoc|x64.ActiveCfg = Release|x64
		{6B49E599-C7CD-4A02-A8DE-56DC2EE2DE58}.Ad-Hoc|x64.Build.0 = Release|x64
		{6B49E599-C7CD-4A02-A8DE-56DC2EE2DE58}.Ad-Hoc|x64.Deploy.0 = Release|x64
		{6B49E599-C7CD-4A02-A8DE-56DC2EE2DE58}.Ad-Hoc|x86.ActiveCfg = Release|x86
		{6B49E599-C7CD-4A02-A8DE-56DC2EE2DE58}.Ad-Hoc|x86.Build.0 = Release|x86
		{6B49E599-C7CD-4A02-A8DE-56DC2EE2DE58}.Ad-Hoc|x86.Deploy.0 = Release|x86
		{6B49E599-C7CD-4A02-A8DE-56DC2EE2DE58}.AppStore|Any CPU.ActiveCfg = Release|x86
		{6B49E599-C7CD-4A02-A8DE-56DC2EE2DE58}.AppStore|Any CPU.Build.0 = Release|x86
		{6B49E599-C7CD-4A02-A8DE-56DC2EE2DE58}.AppStore|Any CPU.Deploy.0 = Release|x86
		{6B49E599-C7CD-4A02-A8DE-56DC2EE2DE58}.AppStore|ARM.ActiveCfg = Release|ARM
		{6B49E599-C7CD-4A02-A8DE-56DC2EE2DE58}.AppStore|ARM.Build.0 = Release|ARM
		{6B49E599-C7CD-4A02-A8DE-56DC2EE2DE58}.AppStore|ARM.Deploy.0 = Release|ARM
		{6B49E599-C7CD-4A02-A8DE-56DC2EE2DE58}.AppStore|iPhone.ActiveCfg = Release|x86
		{6B49E599-C7CD-4A02-A8DE-56DC2EE2DE58}.AppStore|iPhone.Build.0 = Release|x86
		{6B49E599-C7CD-4A02-A8DE-56DC2EE2DE58}.AppStore|iPhone.Deploy.0 = Release|x86
		{6B49E599-C7CD-4A02-A8DE-56DC2EE2DE58}.AppStore|iPhoneSimulator.ActiveCfg = Release|x86
		{6B49E599-C7CD-4A02-A8DE-56DC2EE2DE58}.AppStore|iPhoneSimulator.Build.0 = Release|x86
		{6B49E599-C7CD-4A02-A8DE-56DC2EE2DE58}.AppStore|iPhoneSimulator.Deploy.0 = Release|x86
		{6B49E599-C7CD-4A02-A8DE-56DC2EE2DE58}.AppStore|x64.ActiveCfg = Release|x64
		{6B49E599-C7CD-4A02-A8DE-56DC2EE2DE58}.AppStore|x64.Build.0 = Release|x64
		{6B49E599-C7CD-4A02-A8DE-56DC2EE2DE58}.AppStore|x64.Deploy.0 = Release|x64
		{6B49E599-C7CD-4A02-A8DE-56DC2EE2DE58}.AppStore|x86.ActiveCfg = Release|x86
		{6B49E599-C7CD-4A02-A8DE-56DC2EE2DE58}.AppStore|x86.Build.0 = Release|x86
		{6B49E599-C7CD-4A02-A8DE-56DC2EE2DE58}.AppStore|x86.Deploy.0 = Release|x86
		{6B49E599-C7CD-4A02-A8DE-56DC2EE2DE58}.Debug|Any CPU.ActiveCfg = Debug|x86
		{6B49E599-C7CD-4A02-A8DE-56DC2EE2DE58}.Debug|Any CPU.Build.0 = Debug|x86
		{6B49E599-C7CD-4A02-A8DE-56DC2EE2DE58}.Debug|Any CPU.Deploy.0 = Debug|x86
		{6B49E599-C7CD-4A02-A8DE-56DC2EE2DE58}.Debug|ARM.ActiveCfg = Debug|ARM
		{6B49E599-C7CD-4A02-A8DE-56DC2EE2DE58}.Debug|ARM.Build.0 = Debug|ARM
		{6B49E599-C7CD-4A02-A8DE-56DC2EE2DE58}.Debug|ARM.Deploy.0 = Debug|ARM
		{6B49E599-C7CD-4A02-A8DE-56DC2EE2DE58}.Debug|iPhone.ActiveCfg = Debug|x86
		{6B49E599-C7CD-4A02-A8DE-56DC2EE2DE58}.Debug|iPhone.Build.0 = Debug|x86
		{6B49E599-C7CD-4A02-A8DE-56DC2EE2DE58}.Debug|iPhone.Deploy.0 = Debug|x86
		{6B49E599-C7CD-4A02-A8DE-56DC2EE2DE58}.Debug|iPhoneSimulator.ActiveCfg = Debug|x86
		{6B49E599-C7CD-4A02-A8DE-56DC2EE2DE58}.Debug|iPhoneSimulator.Build.0 = Debug|x86
		{6B49E599-C7CD-4A02-A8DE-56DC2EE2DE58}.Debug|iPhoneSimulator.Deploy.0 = Debug|x86
		{6B49E599-C7CD-4A02-A8DE-56DC2EE2DE58}.Debug|x64.ActiveCfg = Debug|x64
		{6B49E599-C7CD-4A02-A8DE-56DC2EE2DE58}.Debug|x64.Build.0 = Debug|x64
		{6B49E599-C7CD-4A02-A8DE-56DC2EE2DE58}.Debug|x64.Deploy.0 = Debug|x64
		{6B49E599-C7CD-4A02-A8DE-56DC2EE2DE58}.Debug|x86.ActiveCfg = Debug|x86
		{6B49E599-C7CD-4A02-A8DE-56DC2EE2DE58}.Debug|x86.Build.0 = Debug|x86
		{6B49E599-C7CD-4A02-A8DE-56DC2EE2DE58}.Debug|x86.Deploy.0 = Debug|x86
		{6B49E599-C7CD-4A02-A8DE-56DC2EE2DE58}.Release|Any CPU.ActiveCfg = Release|x86
		{6B49E599-C7CD-4A02-A8DE-56DC2EE2DE58}.Release|Any CPU.Build.0 = Release|x86
		{6B49E599-C7CD-4A02-A8DE-56DC2EE2DE58}.Release|Any CPU.Deploy.0 = Release|x86
		{6B49E599-C7CD-4A02-A8DE-56DC2EE2DE58}.Release|ARM.ActiveCfg = Release|ARM
		{6B49E599-C7CD-4A02-A8DE-56DC2EE2DE58}.Release|ARM.Build.0 = Release|ARM
		{6B49E599-C7CD-4A02-A8DE-56DC2EE2DE58}.Release|ARM.Deploy.0 = Release|ARM
		{6B49E599-C7CD-4A02-A8DE-56DC2EE2DE58}.Release|iPhone.ActiveCfg = Release|x86
		{6B49E599-C7CD-4A02-A8DE-56DC2EE2DE58}.Release|iPhone.Build.0 = Release|x86
		{6B49E599-C7CD-4A02-A8DE-56DC2EE2DE58}.Release|iPhone.Deploy.0 = Release|x86
		{6B49E599-C7CD-4A02-A8DE-56DC2EE2DE58}.Release|iPhoneSimulator.ActiveCfg = Release|x86
		{6B49E599-C7CD-4A02-A8DE-56DC2EE2DE58}.Release|iPhoneSimulator.Build.0 = Release|x86
		{6B49E599-C7CD-4A02-A8DE-56DC2EE2DE58}.Release|iPhoneSimulator.Deploy.0 = Release|x86
		{6B49E599-C7CD-4A02-A8DE-56DC2EE2DE58}.Release|x64.ActiveCfg = Release|x64
		{6B49E599-C7CD-4A02-A8DE-56DC2EE2DE58}.Release|x64.Build.0 = Release|x64
		{6B49E599-C7CD-4A02-A8DE-56DC2EE2DE58}.Release|x64.Deploy.0 = Release|x64
		{6B49E599-C7CD-4A02-A8DE-56DC2EE2DE58}.Release|x86.ActiveCfg = Release|x86
		{6B49E599-C7CD-4A02-A8DE-56DC2EE2DE58}.Release|x86.Build.0 = Release|x86
		{6B49E599-C7CD-4A02-A8DE-56DC2EE2DE58}.Release|x86.Deploy.0 = Release|x86
		{3FBCB20F-187D-4004-A2D0-9553ECC08E51}.Ad-Hoc|Any CPU.ActiveCfg = Debug|Any CPU
		{3FBCB20F-187D-4004-A2D0-9553ECC08E51}.Ad-Hoc|Any CPU.Build.0 = Debug|Any CPU
		{3FBCB20F-187D-4004-A2D0-9553ECC08E51}.Ad-Hoc|Any CPU.Deploy.0 = Debug|Any CPU
		{3FBCB20F-187D-4004-A2D0-9553ECC08E51}.Ad-Hoc|ARM.ActiveCfg = Debug|Any CPU
		{3FBCB20F-187D-4004-A2D0-9553ECC08E51}.Ad-Hoc|ARM.Build.0 = Debug|Any CPU
		{3FBCB20F-187D-4004-A2D0-9553ECC08E51}.Ad-Hoc|ARM.Deploy.0 = Debug|Any CPU
		{3FBCB20F-187D-4004-A2D0-9553ECC08E51}.Ad-Hoc|iPhone.ActiveCfg = Debug|Any CPU
		{3FBCB20F-187D-4004-A2D0-9553ECC08E51}.Ad-Hoc|iPhone.Build.0 = Debug|Any CPU
		{3FBCB20F-187D-4004-A2D0-9553ECC08E51}.Ad-Hoc|iPhone.Deploy.0 = Debug|Any CPU
		{3FBCB20F-187D-4004-A2D0-9553ECC08E51}.Ad-Hoc|iPhoneSimulator.ActiveCfg = Debug|Any CPU
		{3FBCB20F-187D-4004-A2D0-9553ECC08E51}.Ad-Hoc|iPhoneSimulator.Build.0 = Debug|Any CPU
		{3FBCB20F-187D-4004-A2D0-9553ECC08E51}.Ad-Hoc|iPhoneSimulator.Deploy.0 = Debug|Any CPU
		{3FBCB20F-187D-4004-A2D0-9553ECC08E51}.Ad-Hoc|x64.ActiveCfg = Debug|Any CPU
		{3FBCB20F-187D-4004-A2D0-9553ECC08E51}.Ad-Hoc|x64.Build.0 = Debug|Any CPU
		{3FBCB20F-187D-4004-A2D0-9553ECC08E51}.Ad-Hoc|x64.Deploy.0 = Debug|Any CPU
		{3FBCB20F-187D-4004-A2D0-9553ECC08E51}.Ad-Hoc|x86.ActiveCfg = Debug|Any CPU
		{3FBCB20F-187D-4004-A2D0-9553ECC08E51}.Ad-Hoc|x86.Build.0 = Debug|Any CPU
		{3FBCB20F-187D-4004-A2D0-9553ECC08E51}.Ad-Hoc|x86.Deploy.0 = Debug|Any CPU
		{3FBCB20F-187D-4004-A2D0-9553ECC08E51}.AppStore|Any CPU.ActiveCfg = Debug|Any CPU
		{3FBCB20F-187D-4004-A2D0-9553ECC08E51}.AppStore|Any CPU.Build.0 = Debug|Any CPU
		{3FBCB20F-187D-4004-A2D0-9553ECC08E51}.AppStore|Any CPU.Deploy.0 = Debug|Any CPU
		{3FBCB20F-187D-4004-A2D0-9553ECC08E51}.AppStore|ARM.ActiveCfg = Debug|Any CPU
		{3FBCB20F-187D-4004-A2D0-9553ECC08E51}.AppStore|ARM.Build.0 = Debug|Any CPU
		{3FBCB20F-187D-4004-A2D0-9553ECC08E51}.AppStore|ARM.Deploy.0 = Debug|Any CPU
		{3FBCB20F-187D-4004-A2D0-9553ECC08E51}.AppStore|iPhone.ActiveCfg = Debug|Any CPU
		{3FBCB20F-187D-4004-A2D0-9553ECC08E51}.AppStore|iPhone.Build.0 = Debug|Any CPU
		{3FBCB20F-187D-4004-A2D0-9553ECC08E51}.AppStore|iPhone.Deploy.0 = Debug|Any CPU
		{3FBCB20F-187D-4004-A2D0-9553ECC08E51}.AppStore|iPhoneSimulator.ActiveCfg = Debug|Any CPU
		{3FBCB20F-187D-4004-A2D0-9553ECC08E51}.AppStore|iPhoneSimulator.Build.0 = Debug|Any CPU
		{3FBCB20F-187D-4004-A2D0-9553ECC08E51}.AppStore|iPhoneSimulator.Deploy.0 = Debug|Any CPU
		{3FBCB20F-187D-4004-A2D0-9553ECC08E51}.AppStore|x64.ActiveCfg = Debug|Any CPU
		{3FBCB20F-187D-4004-A2D0-9553ECC08E51}.AppStore|x64.Build.0 = Debug|Any CPU
		{3FBCB20F-187D-4004-A2D0-9553ECC08E51}.AppStore|x64.Deploy.0 = Debug|Any CPU
		{3FBCB20F-187D-4004-A2D0-9553ECC08E51}.AppStore|x86.ActiveCfg = Debug|Any CPU
		{3FBCB20F-187D-4004-A2D0-9553ECC08E51}.AppStore|x86.Build.0 = Debug|Any CPU
		{3FBCB20F-187D-4004-A2D0-9553ECC08E51}.AppStore|x86.Deploy.0 = Debug|Any CPU
		{3FBCB20F-187D-4004-A2D0-9553ECC08E51}.Debug|Any CPU.ActiveCfg = Debug|Any CPU
		{3FBCB20F-187D-4004-A2D0-9553ECC08E51}.Debug|Any CPU.Build.0 = Debug|Any CPU
		{3FBCB20F-187D-4004-A2D0-9553ECC08E51}.Debug|Any CPU.Deploy.0 = Debug|Any CPU
		{3FBCB20F-187D-4004-A2D0-9553ECC08E51}.Debug|ARM.ActiveCfg = Debug|Any CPU
		{3FBCB20F-187D-4004-A2D0-9553ECC08E51}.Debug|ARM.Build.0 = Debug|Any CPU
		{3FBCB20F-187D-4004-A2D0-9553ECC08E51}.Debug|ARM.Deploy.0 = Debug|Any CPU
		{3FBCB20F-187D-4004-A2D0-9553ECC08E51}.Debug|iPhone.ActiveCfg = Debug|Any CPU
		{3FBCB20F-187D-4004-A2D0-9553ECC08E51}.Debug|iPhone.Build.0 = Debug|Any CPU
		{3FBCB20F-187D-4004-A2D0-9553ECC08E51}.Debug|iPhone.Deploy.0 = Debug|Any CPU
		{3FBCB20F-187D-4004-A2D0-9553ECC08E51}.Debug|iPhoneSimulator.ActiveCfg = Debug|Any CPU
		{3FBCB20F-187D-4004-A2D0-9553ECC08E51}.Debug|iPhoneSimulator.Build.0 = Debug|Any CPU
		{3FBCB20F-187D-4004-A2D0-9553ECC08E51}.Debug|iPhoneSimulator.Deploy.0 = Debug|Any CPU
		{3FBCB20F-187D-4004-A2D0-9553ECC08E51}.Debug|x64.ActiveCfg = Debug|Any CPU
		{3FBCB20F-187D-4004-A2D0-9553ECC08E51}.Debug|x64.Build.0 = Debug|Any CPU
		{3FBCB20F-187D-4004-A2D0-9553ECC08E51}.Debug|x64.Deploy.0 = Debug|Any CPU
		{3FBCB20F-187D-4004-A2D0-9553ECC08E51}.Debug|x86.ActiveCfg = Debug|Any CPU
		{3FBCB20F-187D-4004-A2D0-9553ECC08E51}.Debug|x86.Build.0 = Debug|Any CPU
		{3FBCB20F-187D-4004-A2D0-9553ECC08E51}.Debug|x86.Deploy.0 = Debug|Any CPU
		{3FBCB20F-187D-4004-A2D0-9553ECC08E51}.Release|Any CPU.ActiveCfg = Release|Any CPU
		{3FBCB20F-187D-4004-A2D0-9553ECC08E51}.Release|Any CPU.Build.0 = Release|Any CPU
		{3FBCB20F-187D-4004-A2D0-9553ECC08E51}.Release|Any CPU.Deploy.0 = Release|Any CPU
		{3FBCB20F-187D-4004-A2D0-9553ECC08E51}.Release|ARM.ActiveCfg = Release|Any CPU
		{3FBCB20F-187D-4004-A2D0-9553ECC08E51}.Release|ARM.Build.0 = Release|Any CPU
		{3FBCB20F-187D-4004-A2D0-9553ECC08E51}.Release|ARM.Deploy.0 = Release|Any CPU
		{3FBCB20F-187D-4004-A2D0-9553ECC08E51}.Release|iPhone.ActiveCfg = Release|Any CPU
		{3FBCB20F-187D-4004-A2D0-9553ECC08E51}.Release|iPhone.Build.0 = Release|Any CPU
		{3FBCB20F-187D-4004-A2D0-9553ECC08E51}.Release|iPhone.Deploy.0 = Release|Any CPU
		{3FBCB20F-187D-4004-A2D0-9553ECC08E51}.Release|iPhoneSimulator.ActiveCfg = Release|Any CPU
		{3FBCB20F-187D-4004-A2D0-9553ECC08E51}.Release|iPhoneSimulator.Build.0 = Release|Any CPU
		{3FBCB20F-187D-4004-A2D0-9553ECC08E51}.Release|iPhoneSimulator.Deploy.0 = Release|Any CPU
		{3FBCB20F-187D-4004-A2D0-9553ECC08E51}.Release|x64.ActiveCfg = Release|Any CPU
		{3FBCB20F-187D-4004-A2D0-9553ECC08E51}.Release|x64.Build.0 = Release|Any CPU
		{3FBCB20F-187D-4004-A2D0-9553ECC08E51}.Release|x64.Deploy.0 = Release|Any CPU
		{3FBCB20F-187D-4004-A2D0-9553ECC08E51}.Release|x86.ActiveCfg = Release|Any CPU
		{3FBCB20F-187D-4004-A2D0-9553ECC08E51}.Release|x86.Build.0 = Release|Any CPU
		{3FBCB20F-187D-4004-A2D0-9553ECC08E51}.Release|x86.Deploy.0 = Release|Any CPU
	EndGlobalSection
	GlobalSection(SolutionProperties) = preSolution
		HideSolutionNode = FALSE
	EndGlobalSection
	GlobalSection(ExtensibilityGlobals) = postSolution
		SolutionGuid = {5BC1EFAE-0C07-45ED-AE54-D51BEA718868}
	EndGlobalSection
EndGlobal
